
Microsoft Visual Studio Solution File, Format Version 12.00
# Visual Studio Version 17
VisualStudioVersion = 17.7.34024.191
MinimumVisualStudioVersion = 10.0.40219.1
Project("{FAE04EC0-301F-11D3-BF4B-00C04F79EFBC}") = "WindowsFormsApp6", "WindowsFormsApp6.csproj", "{D58AECBD-54B6-4B6B-97FD-2B4F8C585A15}"
EndProject
Project("{FAE04EC0-301F-11D3-BF4B-00C04F79EFBC}") = "TestProject6", "..\TestProject6\TestProject6.csproj", "{FCB8750A-82D8-44BE-809B-64BD1B7E86B8}"
EndProject
Global
	GlobalSection(SolutionConfigurationPlatforms) = preSolution
		Debug|Any CPU = Debug|Any CPU
		Release|Any CPU = Release|Any CPU
	EndGlobalSection
	GlobalSection(ProjectConfigurationPlatforms) = postSolution
		{D58AECBD-54B6-4B6B-97FD-2B4F8C585A15}.Debug|Any CPU.ActiveCfg = Debug|Any CPU
		{D58AECBD-54B6-4B6B-97FD-2B4F8C585A15}.Debug|Any CPU.Build.0 = Debug|Any CPU
		{D58AECBD-54B6-4B6B-97FD-2B4F8C585A15}.Release|Any CPU.ActiveCfg = Release|Any CPU
		{D58AECBD-54B6-4B6B-97FD-2B4F8C585A15}.Release|Any CPU.Build.0 = Release|Any CPU
		{FCB8750A-82D8-44BE-809B-64BD1B7E86B8}.Debug|Any CPU.ActiveCfg = Debug|Any CPU
		{FCB8750A-82D8-44BE-809B-64BD1B7E86B8}.Debug|Any CPU.Build.0 = Debug|Any CPU
		{FCB8750A-82D8-44BE-809B-64BD1B7E86B8}.Release|Any CPU.ActiveCfg = Release|Any CPU
		{FCB8750A-82D8-44BE-809B-64BD1B7E86B8}.Release|Any CPU.Build.0 = Release|Any CPU
	EndGlobalSection
	GlobalSection(SolutionProperties) = preSolution
		HideSolutionNode = FALSE
	EndGlobalSection
	GlobalSection(ExtensibilityGlobals) = postSolution
		SolutionGuid = {005059F3-7B06-4F44-9A77-F942F4348EBB}
	EndGlobalSection
EndGlobal
